
Microsoft Visual Studio Solution File, Format Version 12.00
# Visual Studio Version 16
VisualStudioVersion = 16.0.31313.79
MinimumVisualStudioVersion = 10.0.40219.1
Project("{9A19103F-16F7-4668-BE54-9A1E7A4F7556}") = "LinkedList", "LinkedList\LinkedList.csproj", "{5F310803-D5A3-4C8F-85DF-F301620462FD}"
EndProject
Project("{FAE04EC0-301F-11D3-BF4B-00C04F79EFBC}") = "LinkedListUnitTest", "LinkedListUnitTest\LinkedListUnitTest.csproj", "{29E3B757-F40B-465C-A067-325B2C7660C0}"
EndProject
Global
	GlobalSection(SolutionConfigurationPlatforms) = preSolution
		Debug|Any CPU = Debug|Any CPU
		Release|Any CPU = Release|Any CPU
	EndGlobalSection
	GlobalSection(ProjectConfigurationPlatforms) = postSolution
		{5F310803-D5A3-4C8F-85DF-F301620462FD}.Debug|Any CPU.ActiveCfg = Debug|Any CPU
		{5F310803-D5A3-4C8F-85DF-F301620462FD}.Debug|Any CPU.Build.0 = Debug|Any CPU
		{5F310803-D5A3-4C8F-85DF-F301620462FD}.Release|Any CPU.ActiveCfg = Release|Any CPU
		{5F310803-D5A3-4C8F-85DF-F301620462FD}.Release|Any CPU.Build.0 = Release|Any CPU
		{29E3B757-F40B-465C-A067-325B2C7660C0}.Debug|Any CPU.ActiveCfg = Debug|Any CPU
		{29E3B757-F40B-465C-A067-325B2C7660C0}.Debug|Any CPU.Build.0 = Debug|Any CPU
		{29E3B757-F40B-465C-A067-325B2C7660C0}.Release|Any CPU.ActiveCfg = Release|Any CPU
		{29E3B757-F40B-465C-A067-325B2C7660C0}.Release|Any CPU.Build.0 = Release|Any CPU
	EndGlobalSection
	GlobalSection(SolutionProperties) = preSolution
		HideSolutionNode = FALSE
	EndGlobalSection
	GlobalSection(ExtensibilityGlobals) = postSolution
		SolutionGuid = {D453E5A8-F0D9-4F1C-85DA-7D22127E4537}
	EndGlobalSection
EndGlobal
